// !$*UTF8*$!
{
	archiveVersion = 1;
	classes = {
	};
	objectVersion = 77;
	objects = {

/* Begin PBXBuildFile section */
		665CA76A2D636B1C00E7E143 /* GoogleService-Info.plist in Resources */ = {isa = PBXBuildFile; fileRef = 665CA74D2D636B1C00E7E143 /* GoogleService-Info.plist */; };
		66D8BA102D60224D0051108A /* FirebaseAnalyticsWithoutAdIdSupport in Frameworks */ = {isa = PBXBuildFile; productRef = 66D8BA0F2D60224D0051108A /* FirebaseAnalyticsWithoutAdIdSupport */; };
		66D8BA122D60224D0051108A /* FirebaseCore in Frameworks */ = {isa = PBXBuildFile; productRef = 66D8BA112D60224D0051108A /* FirebaseCore */; };
		66D8BA142D60224D0051108A /* FirebasePerformance in Frameworks */ = {isa = PBXBuildFile; productRef = 66D8BA132D60224D0051108A /* FirebasePerformance */; };
		66D8BA172D6022600051108A /* Inject in Frameworks */ = {isa = PBXBuildFile; productRef = 66D8BA162D6022600051108A /* Inject */; };
		66F578CB2D64BD4F00EAAE0F /* Localizable.xcstrings in Resources */ = {isa = PBXBuildFile; fileRef = 66F578CA2D64BD4F00EAAE0F /* Localizable.xcstrings */; };
		66F578CD2D64CDA700EAAE0F /* InfoPlist.xcstrings in Resources */ = {isa = PBXBuildFile; fileRef = 66F578CC2D64CDA700EAAE0F /* InfoPlist.xcstrings */; };
/* End PBXBuildFile section */

/* Begin PBXContainerItemProxy section */
		66D8B9F12D601B030051108A /* PBXContainerItemProxy */ = {
			isa = PBXContainerItemProxy;
			containerPortal = 66D8B9D62D601B010051108A /* Project object */;
			proxyType = 1;
			remoteGlobalIDString = 66D8B9DD2D601B010051108A;
			remoteInfo = ParentFeel;
		};
		66D8B9FB2D601B030051108A /* PBXContainerItemProxy */ = {
			isa = PBXContainerItemProxy;
			containerPortal = 66D8B9D62D601B010051108A /* Project object */;
			proxyType = 1;
			remoteGlobalIDString = 66D8B9DD2D601B010051108A;
			remoteInfo = ParentFeel;
		};
/* End PBXContainerItemProxy section */

/* Begin PBXFileReference section */
		665CA74D2D636B1C00E7E143 /* GoogleService-Info.plist */ = {isa = PBXFileReference; lastKnownFileType = text.plist.xml; path = "GoogleService-Info.plist"; sourceTree = "<group>"; };
		66D8B9DE2D601B010051108A /* ParentFeel.app */ = {isa = PBXFileReference; explicitFileType = wrapper.application; includeInIndex = 0; path = ParentFeel.app; sourceTree = BUILT_PRODUCTS_DIR; };
		66D8B9F02D601B030051108A /* ParentFeelTests.xctest */ = {isa = PBXFileReference; explicitFileType = wrapper.cfbundle; includeInIndex = 0; path = ParentFeelTests.xctest; sourceTree = BUILT_PRODUCTS_DIR; };
		66D8B9FA2D601B030051108A /* ParentFeelUITests.xctest */ = {isa = PBXFileReference; explicitFileType = wrapper.cfbundle; includeInIndex = 0; path = ParentFeelUITests.xctest; sourceTree = BUILT_PRODUCTS_DIR; };
		66F500122D7D0C78002F447F /* ParentFeel.xctestplan */ = {isa = PBXFileReference; lastKnownFileType = text; name = ParentFeel.xctestplan; path = ../ParentFeel.xctestplan; sourceTree = "<group>"; };
		66F578CA2D64BD4F00EAAE0F /* Localizable.xcstrings */ = {isa = PBXFileReference; lastKnownFileType = text.json.xcstrings; path = Localizable.xcstrings; sourceTree = "<group>"; };
		66F578CC2D64CDA700EAAE0F /* InfoPlist.xcstrings */ = {isa = PBXFileReference; lastKnownFileType = text.json.xcstrings; path = InfoPlist.xcstrings; sourceTree = "<group>"; };
/* End PBXFileReference section */

/* Begin PBXFileSystemSynchronizedRootGroup section */
		66D8B9E02D601B010051108A /* ParentFeel */ = {
			isa = PBXFileSystemSynchronizedRootGroup;
			path = ParentFeel;
			sourceTree = "<group>";
		};
		66D8B9F32D601B030051108A /* ParentFeelTests */ = {
			isa = PBXFileSystemSynchronizedRootGroup;
			path = ParentFeelTests;
			sourceTree = "<group>";
		};
		66D8B9FD2D601B030051108A /* ParentFeelUITests */ = {
			isa = PBXFileSystemSynchronizedRootGroup;
			path = ParentFeelUITests;
			sourceTree = "<group>";
		};
/* End PBXFileSystemSynchronizedRootGroup section */

/* Begin PBXFrameworksBuildPhase section */
		66D8B9DB2D601B010051108A /* Frameworks */ = {
			isa = PBXFrameworksBuildPhase;
			buildActionMask = 2147483647;
			files = (
				66D8BA122D60224D0051108A /* FirebaseCore in Frameworks */,
				66D8BA102D60224D0051108A /* FirebaseAnalyticsWithoutAdIdSupport in Frameworks */,
				66D8BA142D60224D0051108A /* FirebasePerformance in Frameworks */,
				66D8BA172D6022600051108A /* Inject in Frameworks */,
			);
			runOnlyForDeploymentPostprocessing = 0;
		};
		66D8B9ED2D601B030051108A /* Frameworks */ = {
			isa = PBXFrameworksBuildPhase;
			buildActionMask = 2147483647;
			files = (
			);
			runOnlyForDeploymentPostprocessing = 0;
		};
		66D8B9F72D601B030051108A /* Frameworks */ = {
			isa = PBXFrameworksBuildPhase;
			buildActionMask = 2147483647;
			files = (
			);
			runOnlyForDeploymentPostprocessing = 0;
		};
/* End PBXFrameworksBuildPhase section */

/* Begin PBXGroup section */
		66D8B9D52D601B010051108A = {
			isa = PBXGroup;
			children = (
				66F500122D7D0C78002F447F /* ParentFeel.xctestplan */,
				66F578CC2D64CDA700EAAE0F /* InfoPlist.xcstrings */,
				66F578CA2D64BD4F00EAAE0F /* Localizable.xcstrings */,
				665CA74D2D636B1C00E7E143 /* GoogleService-Info.plist */,
				66D8B9E02D601B010051108A /* ParentFeel */,
				66D8B9F32D601B030051108A /* ParentFeelTests */,
				66D8B9FD2D601B030051108A /* ParentFeelUITests */,
				66D8BA152D6022600051108A /* Frameworks */,
				66D8B9DF2D601B010051108A /* Products */,
			);
			sourceTree = "<group>";
		};
		66D8B9DF2D601B010051108A /* Products */ = {
			isa = PBXGroup;
			children = (
				66D8B9DE2D601B010051108A /* ParentFeel.app */,
				66D8B9F02D601B030051108A /* ParentFeelTests.xctest */,
				66D8B9FA2D601B030051108A /* ParentFeelUITests.xctest */,
			);
			name = Products;
			sourceTree = "<group>";
		};
		66D8BA152D6022600051108A /* Frameworks */ = {
			isa = PBXGroup;
			children = (
			);
			name = Frameworks;
			sourceTree = "<group>";
		};
/* End PBXGroup section */

/* Begin PBXNativeTarget section */
		66D8B9DD2D601B010051108A /* ParentFeel */ = {
			isa = PBXNativeTarget;
			buildConfigurationList = 66D8BA042D601B030051108A /* Build configuration list for PBXNativeTarget "ParentFeel" */;
			buildPhases = (
				66D8B9DA2D601B010051108A /* Sources */,
				66D8B9DB2D601B010051108A /* Frameworks */,
				66D8B9DC2D601B010051108A /* Resources */,
			);
			buildRules = (
			);
			dependencies = (
			);
			fileSystemSynchronizedGroups = (
				66D8B9E02D601B010051108A /* ParentFeel */,
			);
			name = ParentFeel;
			packageProductDependencies = (
				66D8BA0F2D60224D0051108A /* FirebaseAnalyticsWithoutAdIdSupport */,
				66D8BA112D60224D0051108A /* FirebaseCore */,
				66D8BA132D60224D0051108A /* FirebasePerformance */,
				66D8BA162D6022600051108A /* Inject */,
			);
			productName = ParentFeel;
			productReference = 66D8B9DE2D601B010051108A /* ParentFeel.app */;
			productType = "com.apple.product-type.application";
		};
		66D8B9EF2D601B030051108A /* ParentFeelTests */ = {
			isa = PBXNativeTarget;
			buildConfigurationList = 66D8BA072D601B030051108A /* Build configuration list for PBXNativeTarget "ParentFeelTests" */;
			buildPhases = (
				66D8B9EC2D601B030051108A /* Sources */,
				66D8B9ED2D601B030051108A /* Frameworks */,
				66D8B9EE2D601B030051108A /* Resources */,
			);
			buildRules = (
			);
			dependencies = (
				66D8B9F22D601B030051108A /* PBXTargetDependency */,
			);
			fileSystemSynchronizedGroups = (
				66D8B9F32D601B030051108A /* ParentFeelTests */,
			);
			name = ParentFeelTests;
			packageProductDependencies = (
			);
			productName = ParentFeelTests;
			productReference = 66D8B9F02D601B030051108A /* ParentFeelTests.xctest */;
			productType = "com.apple.product-type.bundle.unit-test";
		};
		66D8B9F92D601B030051108A /* ParentFeelUITests */ = {
			isa = PBXNativeTarget;
			buildConfigurationList = 66D8BA0A2D601B030051108A /* Build configuration list for PBXNativeTarget "ParentFeelUITests" */;
			buildPhases = (
				66D8B9F62D601B030051108A /* Sources */,
				66D8B9F72D601B030051108A /* Frameworks */,
				66D8B9F82D601B030051108A /* Resources */,
			);
			buildRules = (
			);
			dependencies = (
				66D8B9FC2D601B030051108A /* PBXTargetDependency */,
			);
			fileSystemSynchronizedGroups = (
				66D8B9FD2D601B030051108A /* ParentFeelUITests */,
			);
			name = ParentFeelUITests;
			packageProductDependencies = (
			);
			productName = ParentFeelUITests;
			productReference = 66D8B9FA2D601B030051108A /* ParentFeelUITests.xctest */;
			productType = "com.apple.product-type.bundle.ui-testing";
		};
/* End PBXNativeTarget section */

/* Begin PBXProject section */
		66D8B9D62D601B010051108A /* Project object */ = {
			isa = PBXProject;
			attributes = {
				BuildIndependentTargetsInParallel = 1;
				LastSwiftUpdateCheck = 1620;
				LastUpgradeCheck = 1620;
				TargetAttributes = {
					66D8B9DD2D601B010051108A = {
						CreatedOnToolsVersion = 16.2;
					};
					66D8B9EF2D601B030051108A = {
						CreatedOnToolsVersion = 16.2;
						TestTargetID = 66D8B9DD2D601B010051108A;
					};
					66D8B9F92D601B030051108A = {
						CreatedOnToolsVersion = 16.2;
						TestTargetID = 66D8B9DD2D601B010051108A;
					};
				};
			};
			buildConfigurationList = 66D8B9D92D601B010051108A /* Build configuration list for PBXProject "ParentFeel" */;
			developmentRegion = ja;
			hasScannedForEncodings = 0;
			knownRegions = (
				en,
				Base,
				ja,
			);
			mainGroup = 66D8B9D52D601B010051108A;
			minimizedProjectReferenceProxies = 1;
			packageReferences = (
				66D8BA0D2D601E860051108A /* XCRemoteSwiftPackageReference "Inject" */,
				66D8BA0E2D60224D0051108A /* XCRemoteSwiftPackageReference "firebase-ios-sdk" */,
			);
			preferredProjectObjectVersion = 77;
			productRefGroup = 66D8B9DF2D601B010051108A /* Products */;
			projectDirPath = "";
			projectRoot = "";
			targets = (
				66D8B9DD2D601B010051108A /* ParentFeel */,
				66D8B9EF2D601B030051108A /* ParentFeelTests */,
				66D8B9F92D601B030051108A /* ParentFeelUITests */,
			);
		};
/* End PBXProject section */

/* Begin PBXResourcesBuildPhase section */
		66D8B9DC2D601B010051108A /* Resources */ = {
			isa = PBXResourcesBuildPhase;
			buildActionMask = 2147483647;
			files = (
				66F578CD2D64CDA700EAAE0F /* InfoPlist.xcstrings in Resources */,
				66F578CB2D64BD4F00EAAE0F /* Localizable.xcstrings in Resources */,
				665CA76A2D636B1C00E7E143 /* GoogleService-Info.plist in Resources */,
			);
			runOnlyForDeploymentPostprocessing = 0;
		};
		66D8B9EE2D601B030051108A /* Resources */ = {
			isa = PBXResourcesBuildPhase;
			buildActionMask = 2147483647;
			files = (
			);
			runOnlyForDeploymentPostprocessing = 0;
		};
		66D8B9F82D601B030051108A /* Resources */ = {
			isa = PBXResourcesBuildPhase;
			buildActionMask = 2147483647;
			files = (
			);
			runOnlyForDeploymentPostprocessing = 0;
		};
/* End PBXResourcesBuildPhase section */

/* Begin PBXSourcesBuildPhase section */
		66D8B9DA2D601B010051108A /* Sources */ = {
			isa = PBXSourcesBuildPhase;
			buildActionMask = 2147483647;
			files = (
			);
			runOnlyForDeploymentPostprocessing = 0;
		};
		66D8B9EC2D601B030051108A /* Sources */ = {
			isa = PBXSourcesBuildPhase;
			buildActionMask = 2147483647;
			files = (
			);
			runOnlyForDeploymentPostprocessing = 0;
		};
		66D8B9F62D601B030051108A /* Sources */ = {
			isa = PBXSourcesBuildPhase;
			buildActionMask = 2147483647;
			files = (
			);
			runOnlyForDeploymentPostprocessing = 0;
		};
/* End PBXSourcesBuildPhase section */

/* Begin PBXTargetDependency section */
		66D8B9F22D601B030051108A /* PBXTargetDependency */ = {
			isa = PBXTargetDependency;
			target = 66D8B9DD2D601B010051108A /* ParentFeel */;
			targetProxy = 66D8B9F12D601B030051108A /* PBXContainerItemProxy */;
		};
		66D8B9FC2D601B030051108A /* PBXTargetDependency */ = {
			isa = PBXTargetDependency;
			target = 66D8B9DD2D601B010051108A /* ParentFeel */;
			targetProxy = 66D8B9FB2D601B030051108A /* PBXContainerItemProxy */;
		};
/* End PBXTargetDependency section */

/* Begin XCBuildConfiguration section */
		66D8BA022D601B030051108A /* Debug */ = {
			isa = XCBuildConfiguration;
			buildSettings = {
				ALWAYS_SEARCH_USER_PATHS = NO;
				ASSETCATALOG_COMPILER_GENERATE_SWIFT_ASSET_SYMBOL_EXTENSIONS = YES;
				CLANG_ANALYZER_NONNULL = YES;
				CLANG_ANALYZER_NUMBER_OBJECT_CONVERSION = YES_AGGRESSIVE;
				CLANG_CXX_LANGUAGE_STANDARD = "gnu++20";
				CLANG_ENABLE_MODULES = YES;
				CLANG_ENABLE_OBJC_ARC = YES;
				CLANG_ENABLE_OBJC_WEAK = YES;
				CLANG_WARN_BLOCK_CAPTURE_AUTORELEASING = YES;
				CLANG_WARN_BOOL_CONVERSION = YES;
				CLANG_WARN_COMMA = YES;
				CLANG_WARN_CONSTANT_CONVERSION = YES;
				CLANG_WARN_DEPRECATED_OBJC_IMPLEMENTATIONS = YES;
				CLANG_WARN_DIRECT_OBJC_ISA_USAGE = YES_ERROR;
				CLANG_WARN_DOCUMENTATION_COMMENTS = YES;
				CLANG_WARN_EMPTY_BODY = YES;
				CLANG_WARN_ENUM_CONVERSION = YES;
				CLANG_WARN_INFINITE_RECURSION = YES;
				CLANG_WARN_INT_CONVERSION = YES;
				CLANG_WARN_NON_LITERAL_NULL_CONVERSION = YES;
				CLANG_WARN_OBJC_IMPLICIT_RETAIN_SELF = YES;
				CLANG_WARN_OBJC_LITERAL_CONVERSION = YES;
				CLANG_WARN_OBJC_ROOT_CLASS = YES_ERROR;
				CLANG_WARN_QUOTED_INCLUDE_IN_FRAMEWORK_HEADER = YES;
				CLANG_WARN_RANGE_LOOP_ANALYSIS = YES;
				CLANG_WARN_STRICT_PROTOTYPES = YES;
				CLANG_WARN_SUSPICIOUS_MOVE = YES;
				CLANG_WARN_UNGUARDED_AVAILABILITY = YES_AGGRESSIVE;
				CLANG_WARN_UNREACHABLE_CODE = YES;
				CLANG_WARN__DUPLICATE_METHOD_MATCH = YES;
				COPY_PHASE_STRIP = NO;
				DEBUG_INFORMATION_FORMAT = dwarf;
				ENABLE_STRICT_OBJC_MSGSEND = YES;
				ENABLE_TESTABILITY = YES;
				ENABLE_USER_SCRIPT_SANDBOXING = YES;
				GCC_C_LANGUAGE_STANDARD = gnu17;
				GCC_DYNAMIC_NO_PIC = NO;
				GCC_NO_COMMON_BLOCKS = YES;
				GCC_OPTIMIZATION_LEVEL = 0;
				GCC_PREPROCESSOR_DEFINITIONS = (
					"DEBUG=1",
					"$(inherited)",
				);
				GCC_WARN_64_TO_32_BIT_CONVERSION = YES;
				GCC_WARN_ABOUT_RETURN_TYPE = YES_ERROR;
				GCC_WARN_UNDECLARED_SELECTOR = YES;
				GCC_WARN_UNINITIALIZED_AUTOS = YES_AGGRESSIVE;
				GCC_WARN_UNUSED_FUNCTION = YES;
				GCC_WARN_UNUSED_VARIABLE = YES;
				IPHONEOS_DEPLOYMENT_TARGET = 18.2;
				LOCALIZATION_PREFERS_STRING_CATALOGS = YES;
				MTL_ENABLE_DEBUG_INFO = INCLUDE_SOURCE;
				MTL_FAST_MATH = YES;
				ONLY_ACTIVE_ARCH = YES;
				SDKROOT = iphoneos;
				SWIFT_ACTIVE_COMPILATION_CONDITIONS = "DEBUG $(inherited)";
				SWIFT_EMIT_LOC_STRINGS = YES;
				SWIFT_OPTIMIZATION_LEVEL = "-Onone";
			};
			name = Debug;
		};
		66D8BA032D601B030051108A /* Release */ = {
			isa = XCBuildConfiguration;
			buildSettings = {
				ALWAYS_SEARCH_USER_PATHS = NO;
				ASSETCATALOG_COMPILER_GENERATE_SWIFT_ASSET_SYMBOL_EXTENSIONS = YES;
				CLANG_ANALYZER_NONNULL = YES;
				CLANG_ANALYZER_NUMBER_OBJECT_CONVERSION = YES_AGGRESSIVE;
				CLANG_CXX_LANGUAGE_STANDARD = "gnu++20";
				CLANG_ENABLE_MODULES = YES;
				CLANG_ENABLE_OBJC_ARC = YES;
				CLANG_ENABLE_OBJC_WEAK = YES;
				CLANG_WARN_BLOCK_CAPTURE_AUTORELEASING = YES;
				CLANG_WARN_BOOL_CONVERSION = YES;
				CLANG_WARN_COMMA = YES;
				CLANG_WARN_CONSTANT_CONVERSION = YES;
				CLANG_WARN_DEPRECATED_OBJC_IMPLEMENTATIONS = YES;
				CLANG_WARN_DIRECT_OBJC_ISA_USAGE = YES_ERROR;
				CLANG_WARN_DOCUMENTATION_COMMENTS = YES;
				CLANG_WARN_EMPTY_BODY = YES;
				CLANG_WARN_ENUM_CONVERSION = YES;
				CLANG_WARN_INFINITE_RECURSION = YES;
				CLANG_WARN_INT_CONVERSION = YES;
				CLANG_WARN_NON_LITERAL_NULL_CONVERSION = YES;
				CLANG_WARN_OBJC_IMPLICIT_RETAIN_SELF = YES;
				CLANG_WARN_OBJC_LITERAL_CONVERSION = YES;
				CLANG_WARN_OBJC_ROOT_CLASS = YES_ERROR;
				CLANG_WARN_QUOTED_INCLUDE_IN_FRAMEWORK_HEADER = YES;
				CLANG_WARN_RANGE_LOOP_ANALYSIS = YES;
				CLANG_WARN_STRICT_PROTOTYPES = YES;
				CLANG_WARN_SUSPICIOUS_MOVE = YES;
				CLANG_WARN_UNGUARDED_AVAILABILITY = YES_AGGRESSIVE;
				CLANG_WARN_UNREACHABLE_CODE = YES;
				CLANG_WARN__DUPLICATE_METHOD_MATCH = YES;
				COPY_PHASE_STRIP = NO;
				DEBUG_INFORMATION_FORMAT = "dwarf-with-dsym";
				ENABLE_NS_ASSERTIONS = NO;
				ENABLE_STRICT_OBJC_MSGSEND = YES;
				ENABLE_USER_SCRIPT_SANDBOXING = YES;
				GCC_C_LANGUAGE_STANDARD = gnu17;
				GCC_NO_COMMON_BLOCKS = YES;
				GCC_WARN_64_TO_32_BIT_CONVERSION = YES;
				GCC_WARN_ABOUT_RETURN_TYPE = YES_ERROR;
				GCC_WARN_UNDECLARED_SELECTOR = YES;
				GCC_WARN_UNINITIALIZED_AUTOS = YES_AGGRESSIVE;
				GCC_WARN_UNUSED_FUNCTION = YES;
				GCC_WARN_UNUSED_VARIABLE = YES;
				IPHONEOS_DEPLOYMENT_TARGET = 18.2;
				LOCALIZATION_PREFERS_STRING_CATALOGS = YES;
				MTL_ENABLE_DEBUG_INFO = NO;
				MTL_FAST_MATH = YES;
				SDKROOT = iphoneos;
				SWIFT_COMPILATION_MODE = wholemodule;
				SWIFT_EMIT_LOC_STRINGS = YES;
				VALIDATE_PRODUCT = YES;
			};
			name = Release;
		};
		66D8BA052D601B030051108A /* Debug */ = {
			isa = XCBuildConfiguration;
			buildSettings = {
				ASSETCATALOG_COMPILER_APPICON_NAME = AppIcon;
				ASSETCATALOG_COMPILER_GLOBAL_ACCENT_COLOR_NAME = AccentColor;
				CODE_SIGN_STYLE = Automatic;
				CURRENT_PROJECT_VERSION = 1;
				DEVELOPMENT_ASSET_PATHS = "\"ParentFeel/Preview Content\"";
				DEVELOPMENT_TEAM = 83C8G2PSSU;
				ENABLE_PREVIEWS = YES;
				GENERATE_INFOPLIST_FILE = YES;
				INFOPLIST_KEY_CFBundleDisplayName = "親の感情ノート";
				INFOPLIST_KEY_LSApplicationCategoryType = "public.app-category.lifestyle";
				INFOPLIST_KEY_UIApplicationSceneManifest_Generation = YES;
				INFOPLIST_KEY_UIApplicationSupportsIndirectInputEvents = YES;
				INFOPLIST_KEY_UILaunchScreen_Generation = YES;
				INFOPLIST_KEY_UISupportedInterfaceOrientations = "UIInterfaceOrientationLandscapeLeft UIInterfaceOrientationLandscapeRight UIInterfaceOrientationPortrait";
				INFOPLIST_KEY_UISupportedInterfaceOrientations_iPad = UIInterfaceOrientationPortrait;
				IPHONEOS_DEPLOYMENT_TARGET = 17.6;
				LD_RUNPATH_SEARCH_PATHS = (
					"$(inherited)",
					"@executable_path/Frameworks",
				);
				MARKETING_VERSION = 1.4;
				OTHER_LDFLAGS = (
					"-Xlinker",
					"-interposable",
					"-ObjC",
				);
				PRODUCT_BUNDLE_IDENTIFIER = jp.hiray.ParentFeel;
				PRODUCT_NAME = "$(TARGET_NAME)";
				SUPPORTED_PLATFORMS = "iphoneos iphonesimulator";
				SUPPORTS_MACCATALYST = NO;
				SWIFT_EMIT_LOC_STRINGS = YES;
				SWIFT_VERSION = 5.0;
				TARGETED_DEVICE_FAMILY = 1;
			};
			name = Debug;
		};
		66D8BA062D601B030051108A /* Release */ = {
			isa = XCBuildConfiguration;
			buildSettings = {
				ASSETCATALOG_COMPILER_APPICON_NAME = AppIcon;
				ASSETCATALOG_COMPILER_GLOBAL_ACCENT_COLOR_NAME = AccentColor;
				CODE_SIGN_STYLE = Automatic;
				CURRENT_PROJECT_VERSION = 1;
				DEVELOPMENT_ASSET_PATHS = "\"ParentFeel/Preview Content\"";
				DEVELOPMENT_TEAM = 83C8G2PSSU;
				ENABLE_PREVIEWS = YES;
				GENERATE_INFOPLIST_FILE = YES;
				INFOPLIST_KEY_CFBundleDisplayName = "親の感情ノート";
				INFOPLIST_KEY_LSApplicationCategoryType = "public.app-category.lifestyle";
				INFOPLIST_KEY_UIApplicationSceneManifest_Generation = YES;
				INFOPLIST_KEY_UIApplicationSupportsIndirectInputEvents = YES;
				INFOPLIST_KEY_UILaunchScreen_Generation = YES;
				INFOPLIST_KEY_UISupportedInterfaceOrientations = "UIInterfaceOrientationLandscapeLeft UIInterfaceOrientationLandscapeRight UIInterfaceOrientationPortrait";
				INFOPLIST_KEY_UISupportedInterfaceOrientations_iPad = UIInterfaceOrientationPortrait;
				IPHONEOS_DEPLOYMENT_TARGET = 17.6;
				LD_RUNPATH_SEARCH_PATHS = (
					"$(inherited)",
					"@executable_path/Frameworks",
				);
				MARKETING_VERSION = 1.4;
				OTHER_LDFLAGS = "-ObjC";
				PRODUCT_BUNDLE_IDENTIFIER = jp.hiray.ParentFeel;
				PRODUCT_NAME = "$(TARGET_NAME)";
				SUPPORTED_PLATFORMS = "iphoneos iphonesimulator";
				SUPPORTS_MACCATALYST = NO;
				SWIFT_EMIT_LOC_STRINGS = YES;
				SWIFT_VERSION = 5.0;
				TARGETED_DEVICE_FAMILY = 1;
			};
			name = Release;
		};
		66D8BA082D601B030051108A /* Debug */ = {
			isa = XCBuildConfiguration;
			buildSettings = {
				BUNDLE_LOADER = "$(TEST_HOST)";
				CODE_SIGN_STYLE = Automatic;
				CURRENT_PROJECT_VERSION = 1;
				DEVELOPMENT_TEAM = 83C8G2PSSU;
				GENERATE_INFOPLIST_FILE = YES;
				IPHONEOS_DEPLOYMENT_TARGET = 18.2;
				MARKETING_VERSION = 1.0;
				PRODUCT_BUNDLE_IDENTIFIER = jp.hiray.ParentFeelTests;
				PRODUCT_NAME = "$(TARGET_NAME)";
				SWIFT_EMIT_LOC_STRINGS = NO;
				SWIFT_VERSION = 5.0;
				TARGETED_DEVICE_FAMILY = "1,2";
				TEST_HOST = "$(BUILT_PRODUCTS_DIR)/ParentFeel.app/$(BUNDLE_EXECUTABLE_FOLDER_PATH)/ParentFeel";
			};
			name = Debug;
		};
		66D8BA092D601B030051108A /* Release */ = {
			isa = XCBuildConfiguration;
			buildSettings = {
				BUNDLE_LOADER = "$(TEST_HOST)";
				CODE_SIGN_STYLE = Automatic;
				CURRENT_PROJECT_VERSION = 1;
				DEVELOPMENT_TEAM = 83C8G2PSSU;
				GENERATE_INFOPLIST_FILE = YES;
				IPHONEOS_DEPLOYMENT_TARGET = 18.2;
				MARKETING_VERSION = 1.0;
				PRODUCT_BUNDLE_IDENTIFIER = jp.hiray.ParentFeelTests;
				PRODUCT_NAME = "$(TARGET_NAME)";
				SWIFT_EMIT_LOC_STRINGS = NO;
				SWIFT_VERSION = 5.0;
				TARGETED_DEVICE_FAMILY = "1,2";
				TEST_HOST = "$(BUILT_PRODUCTS_DIR)/ParentFeel.app/$(BUNDLE_EXECUTABLE_FOLDER_PATH)/ParentFeel";
			};
			name = Release;
		};
		66D8BA0B2D601B030051108A /* Debug */ = {
			isa = XCBuildConfiguration;
			buildSettings = {
				CODE_SIGN_STYLE = Automatic;
				CURRENT_PROJECT_VERSION = 1;
				DEVELOPMENT_TEAM = 83C8G2PSSU;
				GENERATE_INFOPLIST_FILE = YES;
				MARKETING_VERSION = 1.0;
				PRODUCT_BUNDLE_IDENTIFIER = jp.hiray.ParentFeelUITests;
				PRODUCT_NAME = "$(TARGET_NAME)";
				SWIFT_EMIT_LOC_STRINGS = NO;
				SWIFT_VERSION = 5.0;
				TARGETED_DEVICE_FAMILY = "1,2";
				TEST_TARGET_NAME = ParentFeel;
			};
			name = Debug;
		};
		66D8BA0C2D601B030051108A /* Release */ = {
			isa = XCBuildConfiguration;
			buildSettings = {
				CODE_SIGN_STYLE = Automatic;
				CURRENT_PROJECT_VERSION = 1;
				DEVELOPMENT_TEAM = 83C8G2PSSU;
				GENERATE_INFOPLIST_FILE = YES;
				MARKETING_VERSION = 1.0;
				PRODUCT_BUNDLE_IDENTIFIER = jp.hiray.ParentFeelUITests;
				PRODUCT_NAME = "$(TARGET_NAME)";
				SWIFT_EMIT_LOC_STRINGS = NO;
				SWIFT_VERSION = 5.0;
				TARGETED_DEVICE_FAMILY = "1,2";
				TEST_TARGET_NAME = ParentFeel;
			};
			name = Release;
		};
/* End XCBuildConfiguration section */

/* Begin XCConfigurationList section */
		66D8B9D92D601B010051108A /* Build configuration list for PBXProject "ParentFeel" */ = {
			isa = XCConfigurationList;
			buildConfigurations = (
				66D8BA022D601B030051108A /* Debug */,
				66D8BA032D601B030051108A /* Release */,
			);
			defaultConfigurationIsVisible = 0;
			defaultConfigurationName = Release;
		};
		66D8BA042D601B030051108A /* Build configuration list for PBXNativeTarget "ParentFeel" */ = {
			isa = XCConfigurationList;
			buildConfigurations = (
				66D8BA052D601B030051108A /* Debug */,
				66D8BA062D601B030051108A /* Release */,
			);
			defaultConfigurationIsVisible = 0;
			defaultConfigurationName = Release;
		};
		66D8BA072D601B030051108A /* Build configuration list for PBXNativeTarget "ParentFeelTests" */ = {
			isa = XCConfigurationList;
			buildConfigurations = (
				66D8BA082D601B030051108A /* Debug */,
				66D8BA092D601B030051108A /* Release */,
			);
			defaultConfigurationIsVisible = 0;
			defaultConfigurationName = Release;
		};
		66D8BA0A2D601B030051108A /* Build configuration list for PBXNativeTarget "ParentFeelUITests" */ = {
			isa = XCConfigurationList;
			buildConfigurations = (
				66D8BA0B2D601B030051108A /* Debug */,
				66D8BA0C2D601B030051108A /* Release */,
			);
			defaultConfigurationIsVisible = 0;
			defaultConfigurationName = Release;
		};
/* End XCConfigurationList section */

/* Begin XCRemoteSwiftPackageReference section */
		66D8BA0D2D601E860051108A /* XCRemoteSwiftPackageReference "Inject" */ = {
			isa = XCRemoteSwiftPackageReference;
			repositoryURL = "https://github.com/krzysztofzablocki/Inject.git";
			requirement = {
				kind = upToNextMajorVersion;
				minimumVersion = 1.5.2;
			};
		};
		66D8BA0E2D60224D0051108A /* XCRemoteSwiftPackageReference "firebase-ios-sdk" */ = {
			isa = XCRemoteSwiftPackageReference;
			repositoryURL = "https://github.com/firebase/firebase-ios-sdk";
			requirement = {
				kind = upToNextMajorVersion;
				minimumVersion = 11.8.1;
			};
		};
/* End XCRemoteSwiftPackageReference section */

/* Begin XCSwiftPackageProductDependency section */
		66D8BA0F2D60224D0051108A /* FirebaseAnalyticsWithoutAdIdSupport */ = {
			isa = XCSwiftPackageProductDependency;
			package = 66D8BA0E2D60224D0051108A /* XCRemoteSwiftPackageReference "firebase-ios-sdk" */;
			productName = FirebaseAnalyticsWithoutAdIdSupport;
		};
		66D8BA112D60224D0051108A /* FirebaseCore */ = {
			isa = XCSwiftPackageProductDependency;
			package = 66D8BA0E2D60224D0051108A /* XCRemoteSwiftPackageReference "firebase-ios-sdk" */;
			productName = FirebaseCore;
		};
		66D8BA132D60224D0051108A /* FirebasePerformance */ = {
			isa = XCSwiftPackageProductDependency;
			package = 66D8BA0E2D60224D0051108A /* XCRemoteSwiftPackageReference "firebase-ios-sdk" */;
			productName = FirebasePerformance;
		};
		66D8BA162D6022600051108A /* Inject */ = {
			isa = XCSwiftPackageProductDependency;
			package = 66D8BA0D2D601E860051108A /* XCRemoteSwiftPackageReference "Inject" */;
			productName = Inject;
		};
/* End XCSwiftPackageProductDependency section */
	};
	rootObject = 66D8B9D62D601B010051108A /* Project object */;
}
